{
  "version": 4,
  "terraform_version": "1.14.8",
  "serial": 211,
  "lineage": "68fd333e-a94c-9b48-0b2b-bd5b37269650",
  "outputs": {
    "api_gateway_endpoint": {
      "value": "https://mv4622ztkb.execute-api.us-east-1.amazonaws.com",
      "type": "string"
    },
    "api_gateway_url": {
      "value": "https://mv4622ztkb.execute-api.us-east-1.amazonaws.com/",
      "type": "string"
    },
    "frontend_s3_bucket_name": {
      "value": "jobseeker-frontend-bucket-v8ecp5q8",
      "type": "string"
    },
    "frontend_website_url": {
      "value": "jobseeker-frontend-bucket-v8ecp5q8.s3-website-us-east-1.amazonaws.com",
      "type": "string"
    },
    "grafana_url": {
      "value": "http://54.85.179.40:3000",
      "type": "string"
    },
    "monitoring_instance_public_ip": {
      "value": "54.85.179.40",
      "type": "string"
    },
    "prometheus_url": {
      "value": "http://54.85.179.40:9090",
      "type": "string"
    }
  },
  "resources": [
    {
      "mode": "data",
      "type": "archive_file",
      "name": "dummy_zip",
      "provider": "provider[\"registry.terraform.io/hashicorp/archive\"]",
      "instances": [
        {
          "schema_version": 0,
          "attributes": {
            "exclude_symlink_directories": null,
            "excludes": null,
            "id": "3f40fbf50566e446cd122d97b35b02099c0c385a",
            "output_base64sha256": "8epNSeRuDZRUfM3GUetTGGsZyB5s5NenuofUCQ9c69k=",
            "output_base64sha512": "+Bf266s7E2djzOxgl91yMV22M+eWaKHr1deCVJjt3KyZxARuevXsx/thyV1NrPWUdw08pZCH2AhlSh0Kab76IA==",
            "output_file_mode": null,
            "output_md5": "d36c27883060569dbc83d37fd20e4ac1",
            "output_path": "./dummy.zip",
            "output_sha": "3f40fbf50566e446cd122d97b35b02099c0c385a",
            "output_sha256": "f1ea4d49e46e0d94547ccdc651eb53186b19c81e6ce4d7a7ba87d4090f5cebd9",
            "output_sha512": "f817f6ebab3b136763ccec6097dd72315db633e79668a1ebd5d7825498eddcac99c4046e7af5ecc7fb61c95d4dacf594770d3ca59087d808654a1d0a69befa20",
            "output_size": 217,
            "source": [
              {
                "content": "def handler(event, context): return {'statusCode': 200, 'body': 'Hello from Lambda'}",
                "filename": "index.py"
              }
            ],
            "source_content": null,
            "source_content_filename": null,
            "source_dir": null,
            "source_file": null,
            "type": "zip"
          },
          "sensitive_attributes": [],
          "identity_schema_version": 0
        }
      ]
    },
    {
      "mode": "data",
      "type": "aws_ami",
      "name": "al2023",
      "provider": "provider[\"registry.terraform.io/hashicorp/aws\"]",
      "instances": [
        {
          "schema_version": 0,
          "attributes": {
            "architecture": "x86_64",
            "arn": "arn:aws:ec2:us-east-1::image/ami-0521cb2d60cfbb1a6",
            "block_device_mappings": [
              {
                "device_name": "/dev/xvda",
                "ebs": {
                  "delete_on_termination": "true",
                  "encrypted": "false",
                  "iops": "3000",
                  "snapshot_id": "snap-08bb176df19e6f6ca",
                  "throughput": "125",
                  "volume_initialization_rate": "0",
                  "volume_size": "8",
                  "volume_type": "gp3"
                },
                "no_device": "",
                "virtual_name": ""
              }
            ],
            "boot_mode": "uefi-preferred",
            "creation_date": "2026-06-11T21:28:13.000Z",
            "deprecation_time": "2026-09-09T23:00:00.000Z",
            "description": "Amazon Linux 2023 AMI 2023.12.20260611.0 x86_64 HVM kernel-6.1",
            "ena_support": true,
            "executable_users": null,
            "filter": [
              {
                "name": "name",
                "values": [
                  "al2023-ami-2023*-x86_64"
                ]
              }
            ],
            "hypervisor": "xen",
            "id": "ami-0521cb2d60cfbb1a6",
            "image_id": "ami-0521cb2d60cfbb1a6",
            "image_location": "amazon/al2023-ami-2023.12.20260611.0-kernel-6.1-x86_64",
            "image_owner_alias": "amazon",
            "image_type": "machine",
            "imds_support": "v2.0",
            "include_deprecated": false,
            "kernel_id": "",
            "last_launched_time": "",
            "most_recent": true,
            "name": "al2023-ami-2023.12.20260611.0-kernel-6.1-x86_64",
            "name_regex": null,
            "owner_id": "137112412989",
            "owners": [
              "amazon"
            ],
            "platform": "",
            "platform_details": "Linux/UNIX",
            "product_codes": [],
            "public": true,
            "ramdisk_id": "",
            "root_device_name": "/dev/xvda",
            "root_device_type": "ebs",
            "root_snapshot_id": "snap-08bb176df19e6f6ca",
            "sriov_net_support": "simple",
            "state": "available",
            "state_reason": {
              "code": "UNSET",
              "message": "UNSET"
            },
            "tags": {},
            "timeouts": null,
            "tpm_support": "",
            "uefi_data": null,
            "usage_operation": "RunInstances",
            "virtualization_type": "hvm"
          },
          "sensitive_attributes": [],
          "identity_schema_version": 0
        }
      ]
    },
    {
      "mode": "managed",
      "type": "aws_apigatewayv2_api",
      "name": "api_gw",
      "provider": "provider[\"registry.terraform.io/hashicorp/aws\"]",
      "instances": [
        {
          "schema_version": 0,
          "attributes": {
            "api_endpoint": "https://mv4622ztkb.execute-api.us-east-1.amazonaws.com",
            "api_key_selection_expression": "$request.header.x-api-key",
            "arn": "arn:aws:apigateway:us-east-1::/apis/mv4622ztkb",
            "body": null,
            "cors_configuration": [
              {
                "allow_credentials": false,
                "allow_headers": [
                  "authorization",
                  "content-type",
                  "x-ai-api-key",
                  "x-ai-model",
                  "x-ai-provider",
                  "x-profile-id"
                ],
                "allow_methods": [
                  "DELETE",
                  "GET",
                  "OPTIONS",
                  "POST",
                  "PUT"
                ],
                "allow_origins": [
                  "*"
                ],
                "expose_headers": [],
                "max_age": 0
              }
            ],
            "credentials_arn": null,
            "description": "",
            "disable_execute_api_endpoint": false,
            "execution_arn": "arn:aws:execute-api:us-east-1:754573001841:mv4622ztkb",
            "fail_on_warnings": null,
            "id": "mv4622ztkb",
            "ip_address_type": "ipv4",
            "name": "jobseeker-api-gateway",
            "protocol_type": "HTTP",
            "route_key": null,
            "route_selection_expression": "$request.method $request.path",
            "tags": {},
            "tags_all": {},
            "target": null,
            "version": ""
          },
          "sensitive_attributes": [],
          "identity_schema_version": 0,
          "private": "bnVsbA=="
        }
      ]
    },
    {
      "mode": "managed",
      "type": "aws_apigatewayv2_integration",
      "name": "lambda_integration",
      "provider": "provider[\"registry.terraform.io/hashicorp/aws\"]",
      "instances": [
        {
          "schema_version": 0,
          "attributes": {
            "api_id": "mv4622ztkb",
            "connection_id": "",
            "connection_type": "INTERNET",
            "content_handling_strategy": "",
            "credentials_arn": "",
            "description": "",
            "id": "llqvq8i",
            "integration_method": "POST",
            "integration_response_selection_expression": "",
            "integration_subtype": "",
            "integration_type": "AWS_PROXY",
            "integration_uri": "arn:aws:apigateway:us-east-1:lambda:path/2015-03-31/functions/arn:aws:lambda:us-east-1:754573001841:function:jobseeker-api/invocations",
            "passthrough_behavior": "",
            "payload_format_version": "2.0",
            "request_parameters": {},
            "request_templates": {},
            "response_parameters": [],
            "template_selection_expression": "",
            "timeout_milliseconds": 30000,
            "tls_config": []
          },
          "sensitive_attributes": [],
          "identity_schema_version": 0,
          "private": "bnVsbA==",
          "dependencies": [
            "aws_apigatewayv2_api.api_gw",
            "aws_dynamodb_table.jobs",
            "aws_dynamodb_table.jobs_cleaned",
            "aws_dynamodb_table.jobs_raw",
            "aws_dynamodb_table.portal_error_logs",
            "aws_dynamodb_table.profiles",
            "aws_dynamodb_table.scrape_history",
            "aws_dynamodb_table.sessions",
            "aws_dynamodb_table.settings",
            "aws_dynamodb_table.target_companies",
            "aws_dynamodb_table.users",
            "aws_iam_role.lambda_exec",
            "aws_lambda_function.api",
            "aws_s3_bucket.data_bucket",
            "data.archive_file.dummy_zip",
            "random_string.bucket_suffix"
          ]
        }
      ]
    },
    {
      "mode": "managed",
      "type": "aws_apigatewayv2_route",
      "name": "api_route",
      "provider": "provider[\"registry.terraform.io/hashicorp/aws\"]",
      "instances": [
        {
          "schema_version": 0,
          "attributes": {
            "api_id": "mv4622ztkb",
            "api_key_required": false,
            "authorization_scopes": [],
            "authorization_type": "NONE",
            "authorizer_id": "",
            "id": "0tubzy0",
            "model_selection_expression": "",
            "operation_name": "",
            "request_models": {},
            "request_parameter": [],
            "route_key": "ANY /api/{proxy+}",
            "route_response_selection_expression": "",
            "target": "integrations/llqvq8i"
          },
          "sensitive_attributes": [],
          "identity_schema_version": 0,
          "private": "bnVsbA==",
          "dependencies": [
            "aws_apigatewayv2_api.api_gw",
            "aws_apigatewayv2_integration.lambda_integration",
            "aws_dynamodb_table.jobs",
            "aws_dynamodb_table.jobs_cleaned",
            "aws_dynamodb_table.jobs_raw",
            "aws_dynamodb_table.portal_error_logs",
            "aws_dynamodb_table.profiles",
            "aws_dynamodb_table.scrape_history",
            "aws_dynamodb_table.sessions",
            "aws_dynamodb_table.settings",
            "aws_dynamodb_table.target_companies",
            "aws_dynamodb_table.users",
            "aws_iam_role.lambda_exec",
            "aws_lambda_function.api",
            "aws_s3_bucket.data_bucket",
            "data.archive_file.dummy_zip",
            "random_string.bucket_suffix"
          ]
        }
      ]
    },
    {
      "mode": "managed",
      "type": "aws_apigatewayv2_stage",
      "name": "api_stage",
      "provider": "provider[\"registry.terraform.io/hashicorp/aws\"]",
      "instances": [
        {
          "schema_version": 0,
          "attributes": {
            "access_log_settings": [],
            "api_id": "mv4622ztkb",
            "arn": "arn:aws:apigateway:us-east-1::/apis/mv4622ztkb/stages/$default",
            "auto_deploy": true,
            "client_certificate_id": "",
            "default_route_settings": [
              {
                "data_trace_enabled": false,
                "detailed_metrics_enabled": false,
                "logging_level": "",
                "throttling_burst_limit": 0,
                "throttling_rate_limit": 0
              }
            ],
            "deployment_id": "doisnx",
            "description": "",
            "execution_arn": "arn:aws:execute-api:us-east-1:754573001841:mv4622ztkb/$default",
            "id": "$default",
            "invoke_url": "https://mv4622ztkb.execute-api.us-east-1.amazonaws.com/",
            "name": "$default",
            "route_settings": [],
            "stage_variables": {},
            "tags": {},
            "tags_all": {}
          },
          "sensitive_attributes": [],
          "identity_schema_version": 0,
          "private": "bnVsbA==",
          "dependencies": [
            "aws_apigatewayv2_api.api_gw"
          ]
        }
      ]
    },
    {
      "mode": "managed",
      "type": "aws_cloudwatch_event_rule",
      "name": "scraper_schedule",
      "provider": "provider[\"registry.terraform.io/hashicorp/aws\"]",
      "instances": [
        {
          "schema_version": 1,
          "attributes": {
            "arn": "arn:aws:events:us-east-1:754573001841:rule/jobseeker-scraper-schedule",
            "description": "Triggers JobSeeker background scraper every 30 minutes",
            "event_bus_name": "default",
            "event_pattern": null,
            "force_destroy": false,
            "id": "jobseeker-scraper-schedule",
            "is_enabled": true,
            "name": "jobseeker-scraper-schedule",
            "name_prefix": "",
            "role_arn": "",
            "schedule_expression": "rate(30 minutes)",
            "state": "ENABLED",
            "tags": {},
            "tags_all": {}
          },
          "sensitive_attributes": [],
          "identity_schema_version": 0,
          "private": "eyJzY2hlbWFfdmVyc2lvbiI6IjEifQ=="
        }
      ]
    },
    {
      "mode": "managed",
      "type": "aws_cloudwatch_event_target",
      "name": "scraper_target",
      "provider": "provider[\"registry.terraform.io/hashicorp/aws\"]",
      "instances": [
        {
          "schema_version": 1,
          "attributes": {
            "appsync_target": [],
            "arn": "arn:aws:lambda:us-east-1:754573001841:function:jobseeker-scraper",
            "batch_target": [],
            "dead_letter_config": [],
            "ecs_target": [],
            "event_bus_name": "default",
            "force_destroy": false,
            "http_target": [],
            "id": "jobseeker-scraper-schedule-scraper_lambda",
            "input": "",
            "input_path": "",
            "input_transformer": [],
            "kinesis_target": [],
            "redshift_target": [],
            "retry_policy": [],
            "role_arn": "",
            "rule": "jobseeker-scraper-schedule",
            "run_command_targets": [],
            "sagemaker_pipeline_target": [],
            "sqs_target": [],
            "target_id": "scraper_lambda"
          },
          "sensitive_attributes": [],
          "identity_schema_version": 0,
          "private": "eyJzY2hlbWFfdmVyc2lvbiI6IjEifQ==",
          "dependencies": [
            "aws_cloudwatch_event_rule.scraper_schedule",
            "aws_dynamodb_table.jobs",
            "aws_dynamodb_table.jobs_cleaned",
            "aws_dynamodb_table.jobs_raw",
            "aws_dynamodb_table.portal_error_logs",
            "aws_dynamodb_table.profiles",
            "aws_dynamodb_table.scrape_history",
            "aws_dynamodb_table.sessions",
            "aws_dynamodb_table.settings",
            "aws_dynamodb_table.target_companies",
            "aws_dynamodb_table.users",
            "aws_iam_role.lambda_exec",
            "aws_lambda_function.scraper",
            "aws_s3_bucket.data_bucket",
            "data.archive_file.dummy_zip",
            "random_string.bucket_suffix"
          ]
        }
      ]
    },
    {
      "mode": "managed",
      "type": "aws_cloudwatch_log_metric_filter",
      "name": "api_log_errors",
      "provider": "provider[\"registry.terraform.io/hashicorp/aws\"]",
      "instances": [
        {
          "schema_version": 0,
          "attributes": {
            "id": "jobseeker-api-errors",
            "log_group_name": "/aws/lambda/jobseeker-api",
            "metric_transformation": [
              {
                "default_value": "0",
                "dimensions": {},
                "name": "ApiErrorCount",
                "namespace": "JobSeeker/Logs",
                "unit": "None",
                "value": "1"
              }
            ],
            "name": "jobseeker-api-errors",
            "pattern": "?ERROR ?Exception ?error ?exception"
          },
          "sensitive_attributes": [],
          "identity_schema_version": 0,
          "private": "bnVsbA==",
          "dependencies": [
            "aws_dynamodb_table.jobs",
            "aws_dynamodb_table.jobs_cleaned",
            "aws_dynamodb_table.jobs_raw",
            "aws_dynamodb_table.portal_error_logs",
            "aws_dynamodb_table.profiles",
            "aws_dynamodb_table.scrape_history",
            "aws_dynamodb_table.sessions",
            "aws_dynamodb_table.settings",
            "aws_dynamodb_table.target_companies",
            "aws_dynamodb_table.users",
            "aws_iam_role.lambda_exec",
            "aws_lambda_function.api",
            "aws_s3_bucket.data_bucket",
            "data.archive_file.dummy_zip",
            "random_string.bucket_suffix"
          ]
        }
      ]
    },
    {
      "mode": "managed",
      "type": "aws_cloudwatch_log_metric_filter",
      "name": "scraper_log_errors",
      "provider": "provider[\"registry.terraform.io/hashicorp/aws\"]",
      "instances": [
        {
          "schema_version": 0,
          "attributes": {
            "id": "jobseeker-scraper-errors",
            "log_group_name": "/aws/lambda/jobseeker-scraper",
            "metric_transformation": [
              {
                "default_value": "0",
                "dimensions": {},
                "name": "ScraperErrorCount",
                "namespace": "JobSeeker/Logs",
                "unit": "None",
                "value": "1"
              }
            ],
            "name": "jobseeker-scraper-errors",
            "pattern": "?ERROR ?Exception ?error ?exception"
          },
          "sensitive_attributes": [],
          "identity_schema_version": 0,
          "private": "bnVsbA==",
          "dependencies": [
            "aws_dynamodb_table.jobs",
            "aws_dynamodb_table.jobs_cleaned",
            "aws_dynamodb_table.jobs_raw",
            "aws_dynamodb_table.portal_error_logs",
            "aws_dynamodb_table.profiles",
            "aws_dynamodb_table.scrape_history",
            "aws_dynamodb_table.sessions",
            "aws_dynamodb_table.settings",
            "aws_dynamodb_table.target_companies",
            "aws_dynamodb_table.users",
            "aws_iam_role.lambda_exec",
            "aws_lambda_function.scraper",
            "aws_s3_bucket.data_bucket",
            "data.archive_file.dummy_zip",
            "random_string.bucket_suffix"
          ]
        }
      ]
    },
    {
      "mode": "managed",
      "type": "aws_dynamodb_table",
      "name": "jobs",
      "provider": "provider[\"registry.terraform.io/hashicorp/aws\"]",
      "instances": [
        {
          "schema_version": 1,
          "attributes": {
            "arn": "arn:aws:dynamodb:us-east-1:754573001841:table/jobseeker_jobs",
            "attribute": [
              {
                "name": "job_id",
                "type": "S"
              },
              {
                "name": "profile_id",
                "type": "S"
              }
            ],
            "billing_mode": "PAY_PER_REQUEST",
            "deletion_protection_enabled": false,
            "global_secondary_index": [],
            "hash_key": "profile_id",
            "id": "jobseeker_jobs",
            "import_table": [],
            "local_secondary_index": [],
            "name": "jobseeker_jobs",
            "on_demand_throughput": [],
            "point_in_time_recovery": [
              {
                "enabled": false,
                "recovery_period_in_days": 0
              }
            ],
            "range_key": "job_id",
            "read_capacity": 0,
            "replica": [],
            "restore_date_time": null,
            "restore_source_name": null,
            "restore_source_table_arn": null,
            "restore_to_latest_time": null,
            "server_side_encryption": [],
            "stream_arn": "",
            "stream_enabled": false,
            "stream_label": "",
            "stream_view_type": "",
            "table_class": "STANDARD",
            "tags": {},
            "tags_all": {},
            "timeouts": null,
            "ttl": [
              {
                "attribute_name": "",
                "enabled": false
              }
            ],
            "write_capacity": 0
          },
          "sensitive_attributes": [],
          "identity_schema_version": 0,
          "private": "eyJlMmJmYjczMC1lY2FhLTExZTYtOGY4OC0zNDM2M2JjN2M0YzAiOnsiY3JlYXRlIjoxODAwMDAwMDAwMDAwLCJkZWxldGUiOjYwMDAwMDAwMDAwMCwidXBkYXRlIjozNjAwMDAwMDAwMDAwfSwic2NoZW1hX3ZlcnNpb24iOiIxIn0="
        }
      ]
    },
    {
      "mode": "managed",
      "type": "aws_dynamodb_table",
      "name": "jobs_cleaned",
      "provider": "provider[\"registry.terraform.io/hashicorp/aws\"]",
      "instances": [
        {
          "schema_version": 1,
          "attributes": {
            "arn": "arn:aws:dynamodb:us-east-1:754573001841:table/jobseeker_jobs_cleaned",
            "attribute": [
              {
                "name": "job_id",
                "type": "S"
              },
              {
                "name": "profile_id",
                "type": "S"
              }
            ],
            "billing_mode": "PAY_PER_REQUEST",
            "deletion_protection_enabled": false,
            "global_secondary_index": [],
            "hash_key": "profile_id",
            "id": "jobseeker_jobs_cleaned",
            "import_table": [],
            "local_secondary_index": [],
            "name": "jobseeker_jobs_cleaned",
            "on_demand_throughput": [],
            "point_in_time_recovery": [
              {
                "enabled": false,
                "recovery_period_in_days": 0
              }
            ],
            "range_key": "job_id",
            "read_capacity": 0,
            "replica": [],
            "restore_date_time": null,
            "restore_source_name": null,
            "restore_source_table_arn": null,
            "restore_to_latest_time": null,
            "server_side_encryption": [],
            "stream_arn": "",
            "stream_enabled": false,
            "stream_label": "",
            "stream_view_type": "",
            "table_class": "STANDARD",
            "tags": {},
            "tags_all": {},
            "timeouts": null,
            "ttl": [
              {
                "attribute_name": "",
                "enabled": false
              }
            ],
            "write_capacity": 0
          },
          "sensitive_attributes": [],
          "identity_schema_version": 0,
          "private": "eyJlMmJmYjczMC1lY2FhLTExZTYtOGY4OC0zNDM2M2JjN2M0YzAiOnsiY3JlYXRlIjoxODAwMDAwMDAwMDAwLCJkZWxldGUiOjYwMDAwMDAwMDAwMCwidXBkYXRlIjozNjAwMDAwMDAwMDAwfSwic2NoZW1hX3ZlcnNpb24iOiIxIn0="
        }
      ]
    },
    {
      "mode": "managed",
      "type": "aws_dynamodb_table",
      "name": "jobs_raw",
      "provider": "provider[\"registry.terraform.io/hashicorp/aws\"]",
      "instances": [
        {
          "schema_version": 1,
          "attributes": {
            "arn": "arn:aws:dynamodb:us-east-1:754573001841:table/jobseeker_jobs_raw",
            "attribute": [
              {
                "name": "job_id",
                "type": "S"
              },
              {
                "name": "profile_id",
                "type": "S"
              }
            ],
            "billing_mode": "PAY_PER_REQUEST",
            "deletion_protection_enabled": false,
            "global_secondary_index": [],
            "hash_key": "profile_id",
            "id": "jobseeker_jobs_raw",
            "import_table": [],
            "local_secondary_index": [],
            "name": "jobseeker_jobs_raw",
            "on_demand_throughput": [],
            "point_in_time_recovery": [
              {
                "enabled": false,
                "recovery_period_in_days": 0
              }
            ],
            "range_key": "job_id",
            "read_capacity": 0,
            "replica": [],
            "restore_date_time": null,
            "restore_source_name": null,
            "restore_source_table_arn": null,
            "restore_to_latest_time": null,
            "server_side_encryption": [],
            "stream_arn": "",
            "stream_enabled": false,
            "stream_label": "",
            "stream_view_type": "",
            "table_class": "STANDARD",
            "tags": {},
            "tags_all": {},
            "timeouts": null,
            "ttl": [
              {
                "attribute_name": "",
                "enabled": false
              }
            ],
            "write_capacity": 0
          },
          "sensitive_attributes": [],
          "identity_schema_version": 0,
          "private": "eyJlMmJmYjczMC1lY2FhLTExZTYtOGY4OC0zNDM2M2JjN2M0YzAiOnsiY3JlYXRlIjoxODAwMDAwMDAwMDAwLCJkZWxldGUiOjYwMDAwMDAwMDAwMCwidXBkYXRlIjozNjAwMDAwMDAwMDAwfSwic2NoZW1hX3ZlcnNpb24iOiIxIn0="
        }
      ]
    },
    {
      "mode": "managed",
      "type": "aws_dynamodb_table",
      "name": "portal_error_logs",
      "provider": "provider[\"registry.terraform.io/hashicorp/aws\"]",
      "instances": [
        {
          "schema_version": 1,
          "attributes": {
            "arn": "arn:aws:dynamodb:us-east-1:754573001841:table/jobseeker_portal_error_logs",
            "attribute": [
              {
                "name": "profile_id",
                "type": "S"
              },
              {
                "name": "timestamp",
                "type": "S"
              }
            ],
            "billing_mode": "PAY_PER_REQUEST",
            "deletion_protection_enabled": false,
            "global_secondary_index": [],
            "hash_key": "profile_id",
            "id": "jobseeker_portal_error_logs",
            "import_table": [],
            "local_secondary_index": [],
            "name": "jobseeker_portal_error_logs",
            "on_demand_throughput": [],
            "point_in_time_recovery": [
              {
                "enabled": false,
                "recovery_period_in_days": 0
              }
            ],
            "range_key": "timestamp",
            "read_capacity": 0,
            "replica": [],
            "restore_date_time": null,
            "restore_source_name": null,
            "restore_source_table_arn": null,
            "restore_to_latest_time": null,
            "server_side_encryption": [],
            "stream_arn": "",
            "stream_enabled": false,
            "stream_label": "",
            "stream_view_type": "",
            "table_class": "STANDARD",
            "tags": {},
            "tags_all": {},
            "timeouts": null,
            "ttl": [
              {
                "attribute_name": "",
                "enabled": false
              }
            ],
            "write_capacity": 0
          },
          "sensitive_attributes": [],
          "identity_schema_version": 0,
          "private": "eyJlMmJmYjczMC1lY2FhLTExZTYtOGY4OC0zNDM2M2JjN2M0YzAiOnsiY3JlYXRlIjoxODAwMDAwMDAwMDAwLCJkZWxldGUiOjYwMDAwMDAwMDAwMCwidXBkYXRlIjozNjAwMDAwMDAwMDAwfSwic2NoZW1hX3ZlcnNpb24iOiIxIn0="
        }
      ]
    },
    {
      "mode": "managed",
      "type": "aws_dynamodb_table",
      "name": "profiles",
      "provider": "provider[\"registry.terraform.io/hashicorp/aws\"]",
      "instances": [
        {
          "schema_version": 1,
          "attributes": {
            "arn": "arn:aws:dynamodb:us-east-1:754573001841:table/jobseeker_profiles",
            "attribute": [
              {
                "name": "profile_id",
                "type": "S"
              }
            ],
            "billing_mode": "PAY_PER_REQUEST",
            "deletion_protection_enabled": false,
            "global_secondary_index": [],
            "hash_key": "profile_id",
            "id": "jobseeker_profiles",
            "import_table": [],
            "local_secondary_index": [],
            "name": "jobseeker_profiles",
            "on_demand_throughput": [],
            "point_in_time_recovery": [
              {
                "enabled": false,
                "recovery_period_in_days": 0
              }
            ],
            "range_key": null,
            "read_capacity": 0,
            "replica": [],
            "restore_date_time": null,
            "restore_source_name": null,
            "restore_source_table_arn": null,
            "restore_to_latest_time": null,
            "server_side_encryption": [],
            "stream_arn": "",
            "stream_enabled": false,
            "stream_label": "",
            "stream_view_type": "",
            "table_class": "STANDARD",
            "tags": {},
            "tags_all": {},
            "timeouts": null,
            "ttl": [
              {
                "attribute_name": "",
                "enabled": false
              }
            ],
            "write_capacity": 0
          },
          "sensitive_attributes": [],
          "identity_schema_version": 0,
          "private": "eyJlMmJmYjczMC1lY2FhLTExZTYtOGY4OC0zNDM2M2JjN2M0YzAiOnsiY3JlYXRlIjoxODAwMDAwMDAwMDAwLCJkZWxldGUiOjYwMDAwMDAwMDAwMCwidXBkYXRlIjozNjAwMDAwMDAwMDAwfSwic2NoZW1hX3ZlcnNpb24iOiIxIn0="
        }
      ]
    },
    {
      "mode": "managed",
      "type": "aws_dynamodb_table",
      "name": "scrape_history",
      "provider": "provider[\"registry.terraform.io/hashicorp/aws\"]",
      "instances": [
        {
          "schema_version": 1,
          "attributes": {
            "arn": "arn:aws:dynamodb:us-east-1:754573001841:table/jobseeker_scrape_history",
            "attribute": [
              {
                "name": "profile_id",
                "type": "S"
              },
              {
                "name": "timestamp",
                "type": "S"
              }
            ],
            "billing_mode": "PAY_PER_REQUEST",
            "deletion_protection_enabled": false,
            "global_secondary_index": [],
            "hash_key": "profile_id",
            "id": "jobseeker_scrape_history",
            "import_table": [],
            "local_secondary_index": [],
            "name": "jobseeker_scrape_history",
            "on_demand_throughput": [],
            "point_in_time_recovery": [
              {
                "enabled": false,
                "recovery_period_in_days": 0
              }
            ],
            "range_key": "timestamp",
            "read_capacity": 0,
            "replica": [],
            "restore_date_time": null,
            "restore_source_name": null,
            "restore_source_table_arn": null,
            "restore_to_latest_time": null,
            "server_side_encryption": [],
            "stream_arn": "",
            "stream_enabled": false,
            "stream_label": "",
            "stream_view_type": "",
            "table_class": "STANDARD",
            "tags": {},
            "tags_all": {},
            "timeouts": null,
            "ttl": [
              {
                "attribute_name": "",
                "enabled": false
              }
            ],
            "write_capacity": 0
          },
          "sensitive_attributes": [],
          "identity_schema_version": 0,
          "private": "eyJlMmJmYjczMC1lY2FhLTExZTYtOGY4OC0zNDM2M2JjN2M0YzAiOnsiY3JlYXRlIjoxODAwMDAwMDAwMDAwLCJkZWxldGUiOjYwMDAwMDAwMDAwMCwidXBkYXRlIjozNjAwMDAwMDAwMDAwfSwic2NoZW1hX3ZlcnNpb24iOiIxIn0="
        }
      ]
    },
    {
      "mode": "managed",
      "type": "aws_dynamodb_table",
      "name": "sessions",
      "provider": "provider[\"registry.terraform.io/hashicorp/aws\"]",
      "instances": [
        {
          "schema_version": 1,
          "attributes": {
            "arn": "arn:aws:dynamodb:us-east-1:754573001841:table/jobseeker_user_sessions",
            "attribute": [
              {
                "name": "token",
                "type": "S"
              }
            ],
            "billing_mode": "PAY_PER_REQUEST",
            "deletion_protection_enabled": false,
            "global_secondary_index": [],
            "hash_key": "token",
            "id": "jobseeker_user_sessions",
            "import_table": [],
            "local_secondary_index": [],
            "name": "jobseeker_user_sessions",
            "on_demand_throughput": [],
            "point_in_time_recovery": [
              {
                "enabled": false,
                "recovery_period_in_days": 0
              }
            ],
            "range_key": null,
            "read_capacity": 0,
            "replica": [],
            "restore_date_time": null,
            "restore_source_name": null,
            "restore_source_table_arn": null,
            "restore_to_latest_time": null,
            "server_side_encryption": [],
            "stream_arn": "",
            "stream_enabled": false,
            "stream_label": "",
            "stream_view_type": "",
            "table_class": "STANDARD",
            "tags": {},
            "tags_all": {},
            "timeouts": null,
            "ttl": [
              {
                "attribute_name": "",
                "enabled": false
              }
            ],
            "write_capacity": 0
          },
          "sensitive_attributes": [],
          "identity_schema_version": 0,
          "private": "eyJlMmJmYjczMC1lY2FhLTExZTYtOGY4OC0zNDM2M2JjN2M0YzAiOnsiY3JlYXRlIjoxODAwMDAwMDAwMDAwLCJkZWxldGUiOjYwMDAwMDAwMDAwMCwidXBkYXRlIjozNjAwMDAwMDAwMDAwfSwic2NoZW1hX3ZlcnNpb24iOiIxIn0="
        }
      ]
    },
    {
      "mode": "managed",
      "type": "aws_dynamodb_table",
      "name": "settings",
      "provider": "provider[\"registry.terraform.io/hashicorp/aws\"]",
      "instances": [
        {
          "schema_version": 1,
          "attributes": {
            "arn": "arn:aws:dynamodb:us-east-1:754573001841:table/jobseeker_settings",
            "attribute": [
              {
                "name": "profile_id",
                "type": "S"
              }
            ],
            "billing_mode": "PAY_PER_REQUEST",
            "deletion_protection_enabled": false,
            "global_secondary_index": [],
            "hash_key": "profile_id",
            "id": "jobseeker_settings",
            "import_table": [],
            "local_secondary_index": [],
            "name": "jobseeker_settings",
            "on_demand_throughput": [],
            "point_in_time_recovery": [
              {
                "enabled": false,
                "recovery_period_in_days": 0
              }
            ],
            "range_key": null,
            "read_capacity": 0,
            "replica": [],
            "restore_date_time": null,
            "restore_source_name": null,
            "restore_source_table_arn": null,
            "restore_to_latest_time": null,
            "server_side_encryption": [],
            "stream_arn": "",
            "stream_enabled": false,
            "stream_label": "",
            "stream_view_type": "",
            "table_class": "STANDARD",
            "tags": {},
            "tags_all": {},
            "timeouts": null,
            "ttl": [
              {
                "attribute_name": "",
                "enabled": false
              }
            ],
            "write_capacity": 0
          },
          "sensitive_attributes": [],
          "identity_schema_version": 0,
          "private": "eyJlMmJmYjczMC1lY2FhLTExZTYtOGY4OC0zNDM2M2JjN2M0YzAiOnsiY3JlYXRlIjoxODAwMDAwMDAwMDAwLCJkZWxldGUiOjYwMDAwMDAwMDAwMCwidXBkYXRlIjozNjAwMDAwMDAwMDAwfSwic2NoZW1hX3ZlcnNpb24iOiIxIn0="
        }
      ]
    },
    {
      "mode": "managed",
      "type": "aws_dynamodb_table",
      "name": "target_companies",
      "provider": "provider[\"registry.terraform.io/hashicorp/aws\"]",
      "instances": [
        {
          "schema_version": 1,
          "attributes": {
            "arn": "arn:aws:dynamodb:us-east-1:754573001841:table/jobseeker_target_companies",
            "attribute": [
              {
                "name": "company_name",
                "type": "S"
              },
              {
                "name": "profile_id",
                "type": "S"
              }
            ],
            "billing_mode": "PAY_PER_REQUEST",
            "deletion_protection_enabled": false,
            "global_secondary_index": [],
            "hash_key": "profile_id",
            "id": "jobseeker_target_companies",
            "import_table": [],
            "local_secondary_index": [],
            "name": "jobseeker_target_companies",
            "on_demand_throughput": [],
            "point_in_time_recovery": [
              {
                "enabled": false,
                "recovery_period_in_days": 0
              }
            ],
            "range_key": "company_name",
            "read_capacity": 0,
            "replica": [],
            "restore_date_time": null,
            "restore_source_name": null,
            "restore_source_table_arn": null,
            "restore_to_latest_time": null,
            "server_side_encryption": [],
            "stream_arn": "",
            "stream_enabled": false,
            "stream_label": "",
            "stream_view_type": "",
            "table_class": "STANDARD",
            "tags": {},
            "tags_all": {},
            "timeouts": null,
            "ttl": [
              {
                "attribute_name": "",
                "enabled": false
              }
            ],
            "write_capacity": 0
          },
          "sensitive_attributes": [],
          "identity_schema_version": 0,
          "private": "eyJlMmJmYjczMC1lY2FhLTExZTYtOGY4OC0zNDM2M2JjN2M0YzAiOnsiY3JlYXRlIjoxODAwMDAwMDAwMDAwLCJkZWxldGUiOjYwMDAwMDAwMDAwMCwidXBkYXRlIjozNjAwMDAwMDAwMDAwfSwic2NoZW1hX3ZlcnNpb24iOiIxIn0="
        }
      ]
    },
    {
      "mode": "managed",
      "type": "aws_dynamodb_table",
      "name": "users",
      "provider": "provider[\"registry.terraform.io/hashicorp/aws\"]",
      "instances": [
        {
          "schema_version": 1,
          "attributes": {
            "arn": "arn:aws:dynamodb:us-east-1:754573001841:table/jobseeker_users",
            "attribute": [
              {
                "name": "username",
                "type": "S"
              }
            ],
            "billing_mode": "PAY_PER_REQUEST",
            "deletion_protection_enabled": false,
            "global_secondary_index": [],
            "hash_key": "username",
            "id": "jobseeker_users",
            "import_table": [],
            "local_secondary_index": [],
            "name": "jobseeker_users",
            "on_demand_throughput": [],
            "point_in_time_recovery": [
              {
                "enabled": false,
                "recovery_period_in_days": 0
              }
            ],
            "range_key": null,
            "read_capacity": 0,
            "replica": [],
            "restore_date_time": null,
            "restore_source_name": null,
            "restore_source_table_arn": null,
            "restore_to_latest_time": null,
            "server_side_encryption": [],
            "stream_arn": "",
            "stream_enabled": false,
            "stream_label": "",
            "stream_view_type": "",
            "table_class": "STANDARD",
            "tags": {},
            "tags_all": {},
            "timeouts": null,
            "ttl": [
              {
                "attribute_name": "",
                "enabled": false
              }
            ],
            "write_capacity": 0
          },
          "sensitive_attributes": [],
          "identity_schema_version": 0,
          "private": "eyJlMmJmYjczMC1lY2FhLTExZTYtOGY4OC0zNDM2M2JjN2M0YzAiOnsiY3JlYXRlIjoxODAwMDAwMDAwMDAwLCJkZWxldGUiOjYwMDAwMDAwMDAwMCwidXBkYXRlIjozNjAwMDAwMDAwMDAwfSwic2NoZW1hX3ZlcnNpb24iOiIxIn0="
        }
      ]
    },
    {
      "mode": "managed",
      "type": "aws_eip",
      "name": "monitoring_eip",
      "provider": "provider[\"registry.terraform.io/hashicorp/aws\"]",
      "instances": [
        {
          "schema_version": 0,
          "attributes": {
            "address": null,
            "allocation_id": "eipalloc-0cfc9c448548e6312",
            "arn": "arn:aws:ec2:us-east-1:754573001841:elastic-ip/eipalloc-0cfc9c448548e6312",
            "associate_with_private_ip": null,
            "association_id": "eipassoc-0e3f4e48d140f02e0",
            "carrier_ip": "",
            "customer_owned_ip": "",
            "customer_owned_ipv4_pool": "",
            "domain": "vpc",
            "id": "eipalloc-0cfc9c448548e6312",
            "instance": "i-07385a06250c644af",
            "ipam_pool_id": null,
            "network_border_group": "us-east-1",
            "network_interface": "eni-0fd4cbdb7e8c47df7",
            "private_dns": "ip-172-31-21-108.ec2.internal",
            "private_ip": "172.31.21.108",
            "ptr_record": "",
            "public_dns": "ec2-54-85-179-40.compute-1.amazonaws.com",
            "public_ip": "54.85.179.40",
            "public_ipv4_pool": "amazon",
            "tags": {
              "Name": "jobseeker-monitoring-eip"
            },
            "tags_all": {
              "Name": "jobseeker-monitoring-eip"
            },
            "timeouts": null,
            "vpc": true
          },
          "sensitive_attributes": [],
          "identity_schema_version": 0,
          "private": "eyJlMmJmYjczMC1lY2FhLTExZTYtOGY4OC0zNDM2M2JjN2M0YzAiOnsiZGVsZXRlIjoxODAwMDAwMDAwMDAsInJlYWQiOjkwMDAwMDAwMDAwMCwidXBkYXRlIjozMDAwMDAwMDAwMDB9fQ==",
          "dependencies": [
            "aws_apigatewayv2_api.api_gw",
            "aws_iam_instance_profile.monitoring_profile",
            "aws_iam_role.monitoring_role",
            "aws_instance.monitoring",
            "aws_s3_bucket.frontend_bucket",
            "aws_s3_bucket_website_configuration.frontend_website",
            "aws_security_group.monitoring_sg",
            "data.aws_ami.al2023",
            "random_string.bucket_suffix"
          ]
        }
      ]
    },
    {
      "mode": "managed",
      "type": "aws_iam_instance_profile",
      "name": "monitoring_profile",
      "provider": "provider[\"registry.terraform.io/hashicorp/aws\"]",
      "instances": [
        {
          "schema_version": 0,
          "attributes": {
            "arn": "arn:aws:iam::754573001841:instance-profile/jobseeker_monitoring_profile",
            "create_date": "2026-06-20T12:18:24Z",
            "id": "jobseeker_monitoring_profile",
            "name": "jobseeker_monitoring_profile",
            "name_prefix": "",
            "path": "/",
            "role": "jobseeker_monitoring_role",
            "tags": {},
            "tags_all": {},
            "unique_id": "AIPA27MAOIRYRBRCLMZ6P"
          },
          "sensitive_attributes": [],
          "identity_schema_version": 0,
          "private": "bnVsbA==",
          "dependencies": [
            "aws_iam_role.monitoring_role"
          ]
        }
      ]
    },
    {
      "mode": "managed",
      "type": "aws_iam_policy",
      "name": "lambda_dynamodb",
      "provider": "provider[\"registry.terraform.io/hashicorp/aws\"]",
      "instances": [
        {
          "schema_version": 0,
          "attributes": {
            "arn": "arn:aws:iam::754573001841:policy/jobseeker_lambda_dynamodb_policy",
            "attachment_count": 1,
            "description": "Allows Lambda read/write permission to JobSeeker DynamoDB tables",
            "id": "arn:aws:iam::754573001841:policy/jobseeker_lambda_dynamodb_policy",
            "name": "jobseeker_lambda_dynamodb_policy",
            "name_prefix": "",
            "path": "/",
            "policy": "{\"Statement\":[{\"Action\":[\"dynamodb:GetItem\",\"dynamodb:PutItem\",\"dynamodb:UpdateItem\",\"dynamodb:DeleteItem\",\"dynamodb:Query\",\"dynamodb:Scan\",\"dynamodb:BatchWriteItem\",\"dynamodb:BatchGetItem\"],\"Effect\":\"Allow\",\"Resource\":[\"arn:aws:dynamodb:us-east-1:754573001841:table/jobseeker_users\",\"arn:aws:dynamodb:us-east-1:754573001841:table/jobseeker_profiles\",\"arn:aws:dynamodb:us-east-1:754573001841:table/jobseeker_user_sessions\",\"arn:aws:dynamodb:us-east-1:754573001841:table/jobseeker_jobs\",\"arn:aws:dynamodb:us-east-1:754573001841:table/jobseeker_jobs_raw\",\"arn:aws:dynamodb:us-east-1:754573001841:table/jobseeker_jobs_cleaned\",\"arn:aws:dynamodb:us-east-1:754573001841:table/jobseeker_settings\",\"arn:aws:dynamodb:us-east-1:754573001841:table/jobseeker_target_companies\",\"arn:aws:dynamodb:us-east-1:754573001841:table/jobseeker_scrape_history\",\"arn:aws:dynamodb:us-east-1:754573001841:table/jobseeker_portal_error_logs\"]}],\"Version\":\"2012-10-17\"}",
            "policy_id": "ANPA27MAOIRYQEYILBIPF",
            "tags": {},
            "tags_all": {}
          },
          "sensitive_attributes": [],
          "identity_schema_version": 0,
          "private": "bnVsbA==",
          "dependencies": [
            "aws_dynamodb_table.jobs",
            "aws_dynamodb_table.jobs_cleaned",
            "aws_dynamodb_table.jobs_raw",
            "aws_dynamodb_table.portal_error_logs",
            "aws_dynamodb_table.profiles",
            "aws_dynamodb_table.scrape_history",
            "aws_dynamodb_table.sessions",
            "aws_dynamodb_table.settings",
            "aws_dynamodb_table.target_companies",
            "aws_dynamodb_table.users"
          ]
        }
      ]
    },
    {
      "mode": "managed",
      "type": "aws_iam_policy",
      "name": "lambda_invoke",
      "provider": "provider[\"registry.terraform.io/hashicorp/aws\"]",
      "instances": [
        {
          "schema_version": 0,
          "attributes": {
            "arn": "arn:aws:iam::754573001841:policy/jobseeker_lambda_invoke_policy",
            "attachment_count": 1,
            "description": "Allows API Lambda function to invoke the Scraper Lambda function",
            "id": "arn:aws:iam::754573001841:policy/jobseeker_lambda_invoke_policy",
            "name": "jobseeker_lambda_invoke_policy",
            "name_prefix": "",
            "path": "/",
            "policy": "{\"Statement\":[{\"Action\":\"lambda:InvokeFunction\",\"Effect\":\"Allow\",\"Resource\":\"arn:aws:lambda:*:*:function:jobseeker-scraper\"}],\"Version\":\"2012-10-17\"}",
            "policy_id": "ANPA27MAOIRYVADD43COB",
            "tags": {},
            "tags_all": {}
          },
          "sensitive_attributes": [],
          "identity_schema_version": 0,
          "private": "bnVsbA=="
        }
      ]
    },
    {
      "mode": "managed",
      "type": "aws_iam_policy",
      "name": "lambda_s3",
      "provider": "provider[\"registry.terraform.io/hashicorp/aws\"]",
      "instances": [
        {
          "schema_version": 0,
          "attributes": {
            "arn": "arn:aws:iam::754573001841:policy/jobseeker_lambda_s3_policy",
            "attachment_count": 1,
            "description": "Allows Lambda read/write permission to JobSeeker data S3 bucket",
            "id": "arn:aws:iam::754573001841:policy/jobseeker_lambda_s3_policy",
            "name": "jobseeker_lambda_s3_policy",
            "name_prefix": "",
            "path": "/",
            "policy": "{\"Statement\":[{\"Action\":[\"s3:GetObject\",\"s3:PutObject\",\"s3:DeleteObject\",\"s3:ListBucket\"],\"Effect\":\"Allow\",\"Resource\":[\"arn:aws:s3:::jobseeker-data-bucket-v8ecp5q8\",\"arn:aws:s3:::jobseeker-data-bucket-v8ecp5q8/*\"]}],\"Version\":\"2012-10-17\"}",
            "policy_id": "ANPA27MAOIRY3CN4NLCVJ",
            "tags": {},
            "tags_all": {}
          },
          "sensitive_attributes": [],
          "identity_schema_version": 0,
          "private": "bnVsbA==",
          "dependencies": [
            "aws_s3_bucket.data_bucket",
            "random_string.bucket_suffix"
          ]
        }
      ]
    },
    {
      "mode": "managed",
      "type": "aws_iam_role",
      "name": "lambda_exec",
      "provider": "provider[\"registry.terraform.io/hashicorp/aws\"]",
      "instances": [
        {
          "schema_version": 0,
          "attributes": {
            "arn": "arn:aws:iam::754573001841:role/jobseeker_lambda_exec_role",
            "assume_role_policy": "{\"Statement\":[{\"Action\":\"sts:AssumeRole\",\"Effect\":\"Allow\",\"Principal\":{\"Service\":\"lambda.amazonaws.com\"}}],\"Version\":\"2012-10-17\"}",
            "create_date": "2026-06-19T14:41:22Z",
            "description": "",
            "force_detach_policies": false,
            "id": "jobseeker_lambda_exec_role",
            "inline_policy": [],
            "managed_policy_arns": [
              "arn:aws:iam::754573001841:policy/jobseeker_lambda_dynamodb_policy",
              "arn:aws:iam::754573001841:policy/jobseeker_lambda_invoke_policy",
              "arn:aws:iam::754573001841:policy/jobseeker_lambda_s3_policy",
              "arn:aws:iam::aws:policy/service-role/AWSLambdaBasicExecutionRole"
            ],
            "max_session_duration": 3600,
            "name": "jobseeker_lambda_exec_role",
            "name_prefix": "",
            "path": "/",
            "permissions_boundary": "",
            "tags": {},
            "tags_all": {},
            "unique_id": "AROA27MAOIRYSMTWTP6JB"
          },
          "sensitive_attributes": [],
          "identity_schema_version": 0,
          "private": "bnVsbA=="
        }
      ]
    },
    {
      "mode": "managed",
      "type": "aws_iam_role",
      "name": "monitoring_role",
      "provider": "provider[\"registry.terraform.io/hashicorp/aws\"]",
      "instances": [
        {
          "schema_version": 0,
          "attributes": {
            "arn": "arn:aws:iam::754573001841:role/jobseeker_monitoring_role",
            "assume_role_policy": "{\"Statement\":[{\"Action\":\"sts:AssumeRole\",\"Effect\":\"Allow\",\"Principal\":{\"Service\":\"ec2.amazonaws.com\"}}],\"Version\":\"2012-10-17\"}",
            "create_date": "2026-06-20T12:18:24Z",
            "description": "",
            "force_detach_policies": false,
            "id": "jobseeker_monitoring_role",
            "inline_policy": [],
            "managed_policy_arns": [
              "arn:aws:iam::aws:policy/AmazonS3ReadOnlyAccess",
              "arn:aws:iam::aws:policy/CloudWatchReadOnlyAccess"
            ],
            "max_session_duration": 3600,
            "name": "jobseeker_monitoring_role",
            "name_prefix": "",
            "path": "/",
            "permissions_boundary": "",
            "tags": {},
            "tags_all": {},
            "unique_id": "AROA27MAOIRYXQXPXK3RK"
          },
          "sensitive_attributes": [],
          "identity_schema_version": 0,
          "private": "bnVsbA=="
        }
      ]
    },
    {
      "mode": "managed",
      "type": "aws_iam_role_policy_attachment",
      "name": "lambda_db_attach",
      "provider": "provider[\"registry.terraform.io/hashicorp/aws\"]",
      "instances": [
        {
          "schema_version": 0,
          "attributes": {
            "id": "jobseeker_lambda_exec_role-20260619144134867700000003",
            "policy_arn": "arn:aws:iam::754573001841:policy/jobseeker_lambda_dynamodb_policy",
            "role": "jobseeker_lambda_exec_role"
          },
          "sensitive_attributes": [],
          "identity_schema_version": 0,
          "private": "bnVsbA==",
          "dependencies": [
            "aws_dynamodb_table.jobs",
            "aws_dynamodb_table.jobs_cleaned",
            "aws_dynamodb_table.jobs_raw",
            "aws_dynamodb_table.portal_error_logs",
            "aws_dynamodb_table.profiles",
            "aws_dynamodb_table.scrape_history",
            "aws_dynamodb_table.sessions",
            "aws_dynamodb_table.settings",
            "aws_dynamodb_table.target_companies",
            "aws_dynamodb_table.users",
            "aws_iam_policy.lambda_dynamodb",
            "aws_iam_role.lambda_exec"
          ]
        }
      ]
    },
    {
      "mode": "managed",
      "type": "aws_iam_role_policy_attachment",
      "name": "lambda_invoke_attach",
      "provider": "provider[\"registry.terraform.io/hashicorp/aws\"]",
      "instances": [
        {
          "schema_version": 0,
          "attributes": {
            "id": "jobseeker_lambda_exec_role-20260620044742935100000001",
            "policy_arn": "arn:aws:iam::754573001841:policy/jobseeker_lambda_invoke_policy",
            "role": "jobseeker_lambda_exec_role"
          },
          "sensitive_attributes": [],
          "identity_schema_version": 0,
          "private": "bnVsbA==",
          "dependencies": [
            "aws_iam_policy.lambda_invoke",
            "aws_iam_role.lambda_exec"
          ]
        }
      ]
    },
    {
      "mode": "managed",
      "type": "aws_iam_role_policy_attachment",
      "name": "lambda_logs",
      "provider": "provider[\"registry.terraform.io/hashicorp/aws\"]",
      "instances": [
        {
          "schema_version": 0,
          "attributes": {
            "id": "jobseeker_lambda_exec_role-20260619144123980600000001",
            "policy_arn": "arn:aws:iam::aws:policy/service-role/AWSLambdaBasicExecutionRole",
            "role": "jobseeker_lambda_exec_role"
          },
          "sensitive_attributes": [],
          "identity_schema_version": 0,
          "private": "bnVsbA==",
          "dependencies": [
            "aws_iam_role.lambda_exec"
          ]
        }
      ]
    },
    {
      "mode": "managed",
      "type": "aws_iam_role_policy_attachment",
      "name": "lambda_s3_attach",
      "provider": "provider[\"registry.terraform.io/hashicorp/aws\"]",
      "instances": [
        {
          "schema_version": 0,
          "attributes": {
            "id": "jobseeker_lambda_exec_role-20260619183730258600000001",
            "policy_arn": "arn:aws:iam::754573001841:policy/jobseeker_lambda_s3_policy",
            "role": "jobseeker_lambda_exec_role"
          },
          "sensitive_attributes": [],
          "identity_schema_version": 0,
          "private": "bnVsbA==",
          "dependencies": [
            "aws_iam_policy.lambda_s3",
            "aws_iam_role.lambda_exec",
            "aws_s3_bucket.data_bucket",
            "random_string.bucket_suffix"
          ]
        }
      ]
    },
    {
      "mode": "managed",
      "type": "aws_iam_role_policy_attachment",
      "name": "monitoring_cloudwatch",
      "provider": "provider[\"registry.terraform.io/hashicorp/aws\"]",
      "instances": [
        {
          "schema_version": 0,
          "attributes": {
            "id": "jobseeker_monitoring_role-20260620121824727600000001",
            "policy_arn": "arn:aws:iam::aws:policy/CloudWatchReadOnlyAccess",
            "role": "jobseeker_monitoring_role"
          },
          "sensitive_attributes": [],
          "identity_schema_version": 0,
          "private": "bnVsbA==",
          "dependencies": [
            "aws_iam_role.monitoring_role"
          ]
        }
      ]
    },
    {
      "mode": "managed",
      "type": "aws_iam_role_policy_attachment",
      "name": "monitoring_s3",
      "provider": "provider[\"registry.terraform.io/hashicorp/aws\"]",
      "instances": [
        {
          "schema_version": 0,
          "attributes": {
            "id": "jobseeker_monitoring_role-20260620121824814200000002",
            "policy_arn": "arn:aws:iam::aws:policy/AmazonS3ReadOnlyAccess",
            "role": "jobseeker_monitoring_role"
          },
          "sensitive_attributes": [],
          "identity_schema_version": 0,
          "private": "bnVsbA==",
          "dependencies": [
            "aws_iam_role.monitoring_role"
          ]
        }
      ]
    },
    {
      "mode": "managed",
      "type": "aws_instance",
      "name": "monitoring",
      "provider": "provider[\"registry.terraform.io/hashicorp/aws\"]",
      "instances": [
        {
          "schema_version": 1,
          "attributes": {
            "ami": "ami-0521cb2d60cfbb1a6",
            "arn": "arn:aws:ec2:us-east-1:754573001841:instance/i-07385a06250c644af",
            "associate_public_ip_address": true,
            "availability_zone": "us-east-1c",
            "capacity_reservation_specification": [
              {
                "capacity_reservation_preference": "open",
                "capacity_reservation_target": []
              }
            ],
            "cpu_core_count": 1,
            "cpu_options": [
              {
                "amd_sev_snp": "",
                "core_count": 1,
                "threads_per_core": 1
              }
            ],
            "cpu_threads_per_core": 1,
            "credit_specification": [
              {
                "cpu_credits": "standard"
              }
            ],
            "disable_api_stop": false,
            "disable_api_termination": false,
            "ebs_block_device": [],
            "ebs_optimized": false,
            "enable_primary_ipv6": null,
            "enclave_options": [
              {
                "enabled": false
              }
            ],
            "ephemeral_block_device": [],
            "get_password_data": false,
            "hibernation": false,
            "host_id": "",
            "host_resource_group_arn": null,
            "iam_instance_profile": "jobseeker_monitoring_profile",
            "id": "i-07385a06250c644af",
            "instance_initiated_shutdown_behavior": "stop",
            "instance_lifecycle": "",
            "instance_market_options": [],
            "instance_state": "running",
            "instance_type": "t2.micro",
            "ipv6_address_count": 0,
            "ipv6_addresses": [],
            "key_name": "jobseeker-key",
            "launch_template": [],
            "maintenance_options": [
              {
                "auto_recovery": "default"
              }
            ],
            "metadata_options": [
              {
                "http_endpoint": "enabled",
                "http_protocol_ipv6": "disabled",
                "http_put_response_hop_limit": 2,
                "http_tokens": "required",
                "instance_metadata_tags": "disabled"
              }
            ],
            "monitoring": false,
            "network_interface": [],
            "outpost_arn": "",
            "password_data": "",
            "placement_group": "",
            "placement_partition_number": 0,
            "primary_network_interface_id": "eni-0fd4cbdb7e8c47df7",
            "private_dns": "ip-172-31-21-108.ec2.internal",
            "private_dns_name_options": [
              {
                "enable_resource_name_dns_a_record": false,
                "enable_resource_name_dns_aaaa_record": false,
                "hostname_type": "ip-name"
              }
            ],
            "private_ip": "172.31.21.108",
            "public_dns": "ec2-54-85-179-40.compute-1.amazonaws.com",
            "public_ip": "54.85.179.40",
            "root_block_device": [
              {
                "delete_on_termination": true,
                "device_name": "/dev/xvda",
                "encrypted": false,
                "iops": 3000,
                "kms_key_id": "",
                "tags": {},
                "tags_all": {},
                "throughput": 125,
                "volume_id": "vol-0d77d66b1ae9bf0b5",
                "volume_size": 8,
                "volume_type": "gp3"
              }
            ],
            "secondary_private_ips": [],
            "security_groups": [
              "jobseeker-monitoring-sg"
            ],
            "source_dest_check": true,
            "spot_instance_request_id": "",
            "subnet_id": "subnet-05143275b4e55ecf0",
            "tags": {
              "Name": "jobseeker-monitoring-station"
            },
            "tags_all": {
              "Name": "jobseeker-monitoring-station"
            },
            "tenancy": "default",
            "timeouts": null,
            "user_data": "75deb43672c735e1ce5c35f26a0909259d11c715",
            "user_data_base64": null,
            "user_data_replace_on_change": false,
            "volume_tags": null,
            "vpc_security_group_ids": [
              "sg-04884f1f1e8f46281"
            ]
          },
          "sensitive_attributes": [],
          "identity_schema_version": 0,
          "private": "eyJlMmJmYjczMC1lY2FhLTExZTYtOGY4OC0zNDM2M2JjN2M0YzAiOnsiY3JlYXRlIjo2MDAwMDAwMDAwMDAsImRlbGV0ZSI6MTIwMDAwMDAwMDAwMCwicmVhZCI6OTAwMDAwMDAwMDAwLCJ1cGRhdGUiOjYwMDAwMDAwMDAwMH0sInNjaGVtYV92ZXJzaW9uIjoiMSJ9",
          "dependencies": [
            "aws_apigatewayv2_api.api_gw",
            "aws_iam_instance_profile.monitoring_profile",
            "aws_iam_role.monitoring_role",
            "aws_s3_bucket.frontend_bucket",
            "aws_s3_bucket_website_configuration.frontend_website",
            "aws_security_group.monitoring_sg",
            "data.aws_ami.al2023",
            "random_string.bucket_suffix"
          ]
        }
      ]
    },
    {
      "mode": "managed",
      "type": "aws_lambda_function",
      "name": "api",
      "provider": "provider[\"registry.terraform.io/hashicorp/aws\"]",
      "instances": [
        {
          "schema_version": 0,
          "attributes": {
            "architectures": [
              "x86_64"
            ],
            "arn": "arn:aws:lambda:us-east-1:754573001841:function:jobseeker-api",
            "code_sha256": "fjgVkiWTwD3ez4UUUoRLqH16l8L30DFdp4eITYmo32Q=",
            "code_signing_config_arn": "",
            "dead_letter_config": [],
            "description": "",
            "environment": [
              {
                "variables": {
                  "DYNAMODB_COMPANIES_TABLE": "jobseeker_target_companies",
                  "DYNAMODB_ERRORS_TABLE": "jobseeker_portal_error_logs",
                  "DYNAMODB_HISTORY_TABLE": "jobseeker_scrape_history",
                  "DYNAMODB_JOBS_CLEANED_TABLE": "jobseeker_jobs_cleaned",
                  "DYNAMODB_JOBS_RAW_TABLE": "jobseeker_jobs_raw",
                  "DYNAMODB_JOBS_TABLE": "jobseeker_jobs",
                  "DYNAMODB_PROFILES_TABLE": "jobseeker_profiles",
                  "DYNAMODB_SESSIONS_TABLE": "jobseeker_user_sessions",
                  "DYNAMODB_SETTINGS_TABLE": "jobseeker_settings",
                  "DYNAMODB_USERS_TABLE": "jobseeker_users",
                  "ENV": "production",
                  "S3_DATA_BUCKET": "jobseeker-data-bucket-v8ecp5q8",
                  "SMTP_PASSWORD": "gmcu wzfr mxxc dmjl",
                  "SMTP_PORT": "587",
                  "SMTP_SENDER": "jobseekeralpha@gmail.com",
                  "SMTP_SERVER": "smtp.gmail.com"
                }
              }
            ],
            "ephemeral_storage": [
              {
                "size": 512
              }
            ],
            "file_system_config": [],
            "filename": "./dummy.zip",
            "function_name": "jobseeker-api",
            "handler": "backend.main.handler",
            "id": "jobseeker-api",
            "image_config": [],
            "image_uri": "",
            "invoke_arn": "arn:aws:apigateway:us-east-1:lambda:path/2015-03-31/functions/arn:aws:lambda:us-east-1:754573001841:function:jobseeker-api/invocations",
            "kms_key_arn": "",
            "last_modified": "2026-06-20T23:09:13.000+0000",
            "layers": [],
            "logging_config": [
              {
                "application_log_level": "",
                "log_format": "Text",
                "log_group": "/aws/lambda/jobseeker-api",
                "system_log_level": ""
              }
            ],
            "memory_size": 512,
            "package_type": "Zip",
            "publish": false,
            "qualified_arn": "arn:aws:lambda:us-east-1:754573001841:function:jobseeker-api:$LATEST",
            "qualified_invoke_arn": "arn:aws:apigateway:us-east-1:lambda:path/2015-03-31/functions/arn:aws:lambda:us-east-1:754573001841:function:jobseeker-api:$LATEST/invocations",
            "replace_security_groups_on_destroy": null,
            "replacement_security_group_ids": null,
            "reserved_concurrent_executions": -1,
            "role": "arn:aws:iam::754573001841:role/jobseeker_lambda_exec_role",
            "runtime": "python3.11",
            "s3_bucket": null,
            "s3_key": null,
            "s3_object_version": null,
            "signing_job_arn": "",
            "signing_profile_version_arn": "",
            "skip_destroy": false,
            "snap_start": [],
            "source_code_hash": "8epNSeRuDZRUfM3GUetTGGsZyB5s5NenuofUCQ9c69k=",
            "source_code_size": 83880072,
            "tags": {},
            "tags_all": {},
            "timeout": 30,
            "timeouts": null,
            "tracing_config": [
              {
                "mode": "PassThrough"
              }
            ],
            "version": "$LATEST",
            "vpc_config": []
          },
          "sensitive_attributes": [
            [
              {
                "type": "get_attr",
                "value": "environment"
              },
              {
                "type": "index",
                "value": {
                  "value": 0,
                  "type": "number"
                }
              },
              {
                "type": "get_attr",
                "value": "variables"
              },
              {
                "type": "index",
                "value": {
                  "value": "SMTP_PASSWORD",
                  "type": "string"
                }
              }
            ]
          ],
          "identity_schema_version": 0,
          "private": "eyJlMmJmYjczMC1lY2FhLTExZTYtOGY4OC0zNDM2M2JjN2M0YzAiOnsiY3JlYXRlIjo2MDAwMDAwMDAwMDAsImRlbGV0ZSI6NjAwMDAwMDAwMDAwLCJ1cGRhdGUiOjYwMDAwMDAwMDAwMH19",
          "dependencies": [
            "aws_dynamodb_table.jobs",
            "aws_dynamodb_table.jobs_cleaned",
            "aws_dynamodb_table.jobs_raw",
            "aws_dynamodb_table.portal_error_logs",
            "aws_dynamodb_table.profiles",
            "aws_dynamodb_table.scrape_history",
            "aws_dynamodb_table.sessions",
            "aws_dynamodb_table.settings",
            "aws_dynamodb_table.target_companies",
            "aws_dynamodb_table.users",
            "aws_iam_role.lambda_exec",
            "aws_s3_bucket.data_bucket",
            "data.archive_file.dummy_zip",
            "random_string.bucket_suffix"
          ]
        }
      ]
    },
    {
      "mode": "managed",
      "type": "aws_lambda_function",
      "name": "scraper",
      "provider": "provider[\"registry.terraform.io/hashicorp/aws\"]",
      "instances": [
        {
          "schema_version": 0,
          "attributes": {
            "architectures": [
              "x86_64"
            ],
            "arn": "arn:aws:lambda:us-east-1:754573001841:function:jobseeker-scraper",
            "code_sha256": "fjgVkiWTwD3ez4UUUoRLqH16l8L30DFdp4eITYmo32Q=",
            "code_signing_config_arn": "",
            "dead_letter_config": [],
            "description": "",
            "environment": [
              {
                "variables": {
                  "DYNAMODB_COMPANIES_TABLE": "jobseeker_target_companies",
                  "DYNAMODB_ERRORS_TABLE": "jobseeker_portal_error_logs",
                  "DYNAMODB_HISTORY_TABLE": "jobseeker_scrape_history",
                  "DYNAMODB_JOBS_CLEANED_TABLE": "jobseeker_jobs_cleaned",
                  "DYNAMODB_JOBS_RAW_TABLE": "jobseeker_jobs_raw",
                  "DYNAMODB_JOBS_TABLE": "jobseeker_jobs",
                  "DYNAMODB_PROFILES_TABLE": "jobseeker_profiles",
                  "DYNAMODB_SESSIONS_TABLE": "jobseeker_user_sessions",
                  "DYNAMODB_SETTINGS_TABLE": "jobseeker_settings",
                  "DYNAMODB_USERS_TABLE": "jobseeker_users",
                  "ENV": "production",
                  "S3_DATA_BUCKET": "jobseeker-data-bucket-v8ecp5q8",
                  "SMTP_PASSWORD": "gmcu wzfr mxxc dmjl",
                  "SMTP_PORT": "587",
                  "SMTP_SENDER": "jobseekeralpha@gmail.com",
                  "SMTP_SERVER": "smtp.gmail.com"
                }
              }
            ],
            "ephemeral_storage": [
              {
                "size": 512
              }
            ],
            "file_system_config": [],
            "filename": "./dummy.zip",
            "function_name": "jobseeker-scraper",
            "handler": "backend.scraper.lambda_handler",
            "id": "jobseeker-scraper",
            "image_config": [],
            "image_uri": "",
            "invoke_arn": "arn:aws:apigateway:us-east-1:lambda:path/2015-03-31/functions/arn:aws:lambda:us-east-1:754573001841:function:jobseeker-scraper/invocations",
            "kms_key_arn": "",
            "last_modified": "2026-06-20T23:09:17.000+0000",
            "layers": [],
            "logging_config": [
              {
                "application_log_level": "",
                "log_format": "Text",
                "log_group": "/aws/lambda/jobseeker-scraper",
                "system_log_level": ""
              }
            ],
            "memory_size": 512,
            "package_type": "Zip",
            "publish": false,
            "qualified_arn": "arn:aws:lambda:us-east-1:754573001841:function:jobseeker-scraper:$LATEST",
            "qualified_invoke_arn": "arn:aws:apigateway:us-east-1:lambda:path/2015-03-31/functions/arn:aws:lambda:us-east-1:754573001841:function:jobseeker-scraper:$LATEST/invocations",
            "replace_security_groups_on_destroy": null,
            "replacement_security_group_ids": null,
            "reserved_concurrent_executions": -1,
            "role": "arn:aws:iam::754573001841:role/jobseeker_lambda_exec_role",
            "runtime": "python3.11",
            "s3_bucket": null,
            "s3_key": null,
            "s3_object_version": null,
            "signing_job_arn": "",
            "signing_profile_version_arn": "",
            "skip_destroy": false,
            "snap_start": [],
            "source_code_hash": "8epNSeRuDZRUfM3GUetTGGsZyB5s5NenuofUCQ9c69k=",
            "source_code_size": 83880072,
            "tags": {},
            "tags_all": {},
            "timeout": 900,
            "timeouts": null,
            "tracing_config": [
              {
                "mode": "PassThrough"
              }
            ],
            "version": "$LATEST",
            "vpc_config": []
          },
          "sensitive_attributes": [
            [
              {
                "type": "get_attr",
                "value": "environment"
              },
              {
                "type": "index",
                "value": {
                  "value": 0,
                  "type": "number"
                }
              },
              {
                "type": "get_attr",
                "value": "variables"
              },
              {
                "type": "index",
                "value": {
                  "value": "SMTP_PASSWORD",
                  "type": "string"
                }
              }
            ]
          ],
          "identity_schema_version": 0,
          "private": "eyJlMmJmYjczMC1lY2FhLTExZTYtOGY4OC0zNDM2M2JjN2M0YzAiOnsiY3JlYXRlIjo2MDAwMDAwMDAwMDAsImRlbGV0ZSI6NjAwMDAwMDAwMDAwLCJ1cGRhdGUiOjYwMDAwMDAwMDAwMH19",
          "dependencies": [
            "aws_dynamodb_table.jobs",
            "aws_dynamodb_table.jobs_cleaned",
            "aws_dynamodb_table.jobs_raw",
            "aws_dynamodb_table.portal_error_logs",
            "aws_dynamodb_table.profiles",
            "aws_dynamodb_table.scrape_history",
            "aws_dynamodb_table.sessions",
            "aws_dynamodb_table.settings",
            "aws_dynamodb_table.target_companies",
            "aws_dynamodb_table.users",
            "aws_iam_role.lambda_exec",
            "aws_s3_bucket.data_bucket",
            "data.archive_file.dummy_zip",
            "random_string.bucket_suffix"
          ]
        }
      ]
    },
    {
      "mode": "managed",
      "type": "aws_lambda_permission",
      "name": "allow_eventbridge",
      "provider": "provider[\"registry.terraform.io/hashicorp/aws\"]",
      "instances": [
        {
          "schema_version": 0,
          "attributes": {
            "action": "lambda:InvokeFunction",
            "event_source_token": null,
            "function_name": "jobseeker-scraper",
            "function_url_auth_type": null,
            "id": "AllowExecutionFromEventBridge",
            "principal": "events.amazonaws.com",
            "principal_org_id": null,
            "qualifier": "",
            "source_account": null,
            "source_arn": "arn:aws:events:us-east-1:754573001841:rule/jobseeker-scraper-schedule",
            "statement_id": "AllowExecutionFromEventBridge",
            "statement_id_prefix": ""
          },
          "sensitive_attributes": [],
          "identity_schema_version": 0,
          "private": "bnVsbA==",
          "dependencies": [
            "aws_cloudwatch_event_rule.scraper_schedule",
            "aws_dynamodb_table.jobs",
            "aws_dynamodb_table.jobs_cleaned",
            "aws_dynamodb_table.jobs_raw",
            "aws_dynamodb_table.portal_error_logs",
            "aws_dynamodb_table.profiles",
            "aws_dynamodb_table.scrape_history",
            "aws_dynamodb_table.sessions",
            "aws_dynamodb_table.settings",
            "aws_dynamodb_table.target_companies",
            "aws_dynamodb_table.users",
            "aws_iam_role.lambda_exec",
            "aws_lambda_function.scraper",
            "aws_s3_bucket.data_bucket",
            "data.archive_file.dummy_zip",
            "random_string.bucket_suffix"
          ]
        }
      ]
    },
    {
      "mode": "managed",
      "type": "aws_lambda_permission",
      "name": "api_gw_permission",
      "provider": "provider[\"registry.terraform.io/hashicorp/aws\"]",
      "instances": [
        {
          "schema_version": 0,
          "attributes": {
            "action": "lambda:InvokeFunction",
            "event_source_token": null,
            "function_name": "jobseeker-api",
            "function_url_auth_type": null,
            "id": "AllowExecutionFromAPIGateway",
            "principal": "apigateway.amazonaws.com",
            "principal_org_id": null,
            "qualifier": "",
            "source_account": null,
            "source_arn": "arn:aws:execute-api:us-east-1:754573001841:mv4622ztkb/*/*",
            "statement_id": "AllowExecutionFromAPIGateway",
            "statement_id_prefix": ""
          },
          "sensitive_attributes": [],
          "identity_schema_version": 0,
          "private": "bnVsbA==",
          "dependencies": [
            "aws_apigatewayv2_api.api_gw",
            "aws_dynamodb_table.jobs",
            "aws_dynamodb_table.jobs_cleaned",
            "aws_dynamodb_table.jobs_raw",
            "aws_dynamodb_table.portal_error_logs",
            "aws_dynamodb_table.profiles",
            "aws_dynamodb_table.scrape_history",
            "aws_dynamodb_table.sessions",
            "aws_dynamodb_table.settings",
            "aws_dynamodb_table.target_companies",
            "aws_dynamodb_table.users",
            "aws_iam_role.lambda_exec",
            "aws_lambda_function.api",
            "aws_s3_bucket.data_bucket",
            "data.archive_file.dummy_zip",
            "random_string.bucket_suffix"
          ]
        }
      ]
    },
    {
      "mode": "managed",
      "type": "aws_s3_bucket",
      "name": "data_bucket",
      "provider": "provider[\"registry.terraform.io/hashicorp/aws\"]",
      "instances": [
        {
          "schema_version": 0,
          "attributes": {
            "acceleration_status": "",
            "acl": null,
            "arn": "arn:aws:s3:::jobseeker-data-bucket-v8ecp5q8",
            "bucket": "jobseeker-data-bucket-v8ecp5q8",
            "bucket_domain_name": "jobseeker-data-bucket-v8ecp5q8.s3.amazonaws.com",
            "bucket_prefix": "",
            "bucket_regional_domain_name": "jobseeker-data-bucket-v8ecp5q8.s3.us-east-1.amazonaws.com",
            "cors_rule": [],
            "force_destroy": true,
            "grant": [
              {
                "id": "b2b5f4d1d0722928ca745a26ee13a4c6879c72b104fccb0dd6616de0c9b69d78",
                "permissions": [
                  "FULL_CONTROL"
                ],
                "type": "CanonicalUser",
                "uri": ""
              }
            ],
            "hosted_zone_id": "Z3AQBSTGFYJSTF",
            "id": "jobseeker-data-bucket-v8ecp5q8",
            "lifecycle_rule": [],
            "logging": [],
            "object_lock_configuration": [],
            "object_lock_enabled": false,
            "policy": "",
            "region": "us-east-1",
            "replication_configuration": [],
            "request_payer": "BucketOwner",
            "server_side_encryption_configuration": [
              {
                "rule": [
                  {
                    "apply_server_side_encryption_by_default": [
                      {
                        "kms_master_key_id": "",
                        "sse_algorithm": "AES256"
                      }
                    ],
                    "bucket_key_enabled": false
                  }
                ]
              }
            ],
            "tags": {},
            "tags_all": {},
            "timeouts": null,
            "versioning": [
              {
                "enabled": false,
                "mfa_delete": false
              }
            ],
            "website": [],
            "website_domain": null,
            "website_endpoint": null
          },
          "sensitive_attributes": [],
          "identity_schema_version": 0,
          "private": "eyJlMmJmYjczMC1lY2FhLTExZTYtOGY4OC0zNDM2M2JjN2M0YzAiOnsiY3JlYXRlIjoxMjAwMDAwMDAwMDAwLCJkZWxldGUiOjM2MDAwMDAwMDAwMDAsInJlYWQiOjEyMDAwMDAwMDAwMDAsInVwZGF0ZSI6MTIwMDAwMDAwMDAwMH19",
          "dependencies": [
            "random_string.bucket_suffix"
          ]
        }
      ]
    },
    {
      "mode": "managed",
      "type": "aws_s3_bucket",
      "name": "frontend_bucket",
      "provider": "provider[\"registry.terraform.io/hashicorp/aws\"]",
      "instances": [
        {
          "schema_version": 0,
          "attributes": {
            "acceleration_status": "",
            "acl": null,
            "arn": "arn:aws:s3:::jobseeker-frontend-bucket-v8ecp5q8",
            "bucket": "jobseeker-frontend-bucket-v8ecp5q8",
            "bucket_domain_name": "jobseeker-frontend-bucket-v8ecp5q8.s3.amazonaws.com",
            "bucket_prefix": "",
            "bucket_regional_domain_name": "jobseeker-frontend-bucket-v8ecp5q8.s3.us-east-1.amazonaws.com",
            "cors_rule": [],
            "force_destroy": true,
            "grant": [
              {
                "id": "b2b5f4d1d0722928ca745a26ee13a4c6879c72b104fccb0dd6616de0c9b69d78",
                "permissions": [
                  "FULL_CONTROL"
                ],
                "type": "CanonicalUser",
                "uri": ""
              }
            ],
            "hosted_zone_id": "Z3AQBSTGFYJSTF",
            "id": "jobseeker-frontend-bucket-v8ecp5q8",
            "lifecycle_rule": [],
            "logging": [],
            "object_lock_configuration": [],
            "object_lock_enabled": false,
            "policy": "{\"Statement\":[{\"Action\":\"s3:GetObject\",\"Effect\":\"Allow\",\"Principal\":\"*\",\"Resource\":\"arn:aws:s3:::jobseeker-frontend-bucket-v8ecp5q8/*\",\"Sid\":\"PublicReadGetObject\"}],\"Version\":\"2012-10-17\"}",
            "region": "us-east-1",
            "replication_configuration": [],
            "request_payer": "BucketOwner",
            "server_side_encryption_configuration": [
              {
                "rule": [
                  {
                    "apply_server_side_encryption_by_default": [
                      {
                        "kms_master_key_id": "",
                        "sse_algorithm": "AES256"
                      }
                    ],
                    "bucket_key_enabled": false
                  }
                ]
              }
            ],
            "tags": {},
            "tags_all": {},
            "timeouts": null,
            "versioning": [
              {
                "enabled": false,
                "mfa_delete": false
              }
            ],
            "website": [
              {
                "error_document": "",
                "index_document": "index.html",
                "redirect_all_requests_to": "",
                "routing_rules": ""
              }
            ],
            "website_domain": "s3-website-us-east-1.amazonaws.com",
            "website_endpoint": "jobseeker-frontend-bucket-v8ecp5q8.s3-website-us-east-1.amazonaws.com"
          },
          "sensitive_attributes": [],
          "identity_schema_version": 0,
          "private": "eyJlMmJmYjczMC1lY2FhLTExZTYtOGY4OC0zNDM2M2JjN2M0YzAiOnsiY3JlYXRlIjoxMjAwMDAwMDAwMDAwLCJkZWxldGUiOjM2MDAwMDAwMDAwMDAsInJlYWQiOjEyMDAwMDAwMDAwMDAsInVwZGF0ZSI6MTIwMDAwMDAwMDAwMH19",
          "dependencies": [
            "random_string.bucket_suffix"
          ]
        }
      ]
    },
    {
      "mode": "managed",
      "type": "aws_s3_bucket_policy",
      "name": "frontend_policy",
      "provider": "provider[\"registry.terraform.io/hashicorp/aws\"]",
      "instances": [
        {
          "schema_version": 0,
          "attributes": {
            "bucket": "jobseeker-frontend-bucket-v8ecp5q8",
            "id": "jobseeker-frontend-bucket-v8ecp5q8",
            "policy": "{\"Statement\":[{\"Action\":\"s3:GetObject\",\"Effect\":\"Allow\",\"Principal\":\"*\",\"Resource\":\"arn:aws:s3:::jobseeker-frontend-bucket-v8ecp5q8/*\",\"Sid\":\"PublicReadGetObject\"}],\"Version\":\"2012-10-17\"}"
          },
          "sensitive_attributes": [],
          "identity_schema_version": 0,
          "private": "bnVsbA==",
          "dependencies": [
            "aws_s3_bucket.frontend_bucket",
            "aws_s3_bucket_public_access_block.block_public",
            "random_string.bucket_suffix"
          ]
        }
      ]
    },
    {
      "mode": "managed",
      "type": "aws_s3_bucket_public_access_block",
      "name": "block_public",
      "provider": "provider[\"registry.terraform.io/hashicorp/aws\"]",
      "instances": [
        {
          "schema_version": 0,
          "attributes": {
            "block_public_acls": false,
            "block_public_policy": false,
            "bucket": "jobseeker-frontend-bucket-v8ecp5q8",
            "id": "jobseeker-frontend-bucket-v8ecp5q8",
            "ignore_public_acls": false,
            "restrict_public_buckets": false
          },
          "sensitive_attributes": [],
          "identity_schema_version": 0,
          "private": "bnVsbA==",
          "dependencies": [
            "aws_s3_bucket.frontend_bucket",
            "random_string.bucket_suffix"
          ]
        }
      ]
    },
    {
      "mode": "managed",
      "type": "aws_s3_bucket_public_access_block",
      "name": "block_public_data",
      "provider": "provider[\"registry.terraform.io/hashicorp/aws\"]",
      "instances": [
        {
          "schema_version": 0,
          "attributes": {
            "block_public_acls": true,
            "block_public_policy": true,
            "bucket": "jobseeker-data-bucket-v8ecp5q8",
            "id": "jobseeker-data-bucket-v8ecp5q8",
            "ignore_public_acls": true,
            "restrict_public_buckets": true
          },
          "sensitive_attributes": [],
          "identity_schema_version": 0,
          "private": "bnVsbA==",
          "dependencies": [
            "aws_s3_bucket.data_bucket",
            "random_string.bucket_suffix"
          ]
        }
      ]
    },
    {
      "mode": "managed",
      "type": "aws_s3_bucket_website_configuration",
      "name": "frontend_website",
      "provider": "provider[\"registry.terraform.io/hashicorp/aws\"]",
      "instances": [
        {
          "schema_version": 0,
          "attributes": {
            "bucket": "jobseeker-frontend-bucket-v8ecp5q8",
            "error_document": [],
            "expected_bucket_owner": "",
            "id": "jobseeker-frontend-bucket-v8ecp5q8",
            "index_document": [
              {
                "suffix": "index.html"
              }
            ],
            "redirect_all_requests_to": [],
            "routing_rule": [],
            "routing_rules": "",
            "website_domain": "s3-website-us-east-1.amazonaws.com",
            "website_endpoint": "jobseeker-frontend-bucket-v8ecp5q8.s3-website-us-east-1.amazonaws.com"
          },
          "sensitive_attributes": [],
          "identity_schema_version": 0,
          "private": "bnVsbA==",
          "dependencies": [
            "aws_s3_bucket.frontend_bucket",
            "random_string.bucket_suffix"
          ]
        }
      ]
    },
    {
      "mode": "managed",
      "type": "aws_security_group",
      "name": "monitoring_sg",
      "provider": "provider[\"registry.terraform.io/hashicorp/aws\"]",
      "instances": [
        {
          "schema_version": 1,
          "attributes": {
            "arn": "arn:aws:ec2:us-east-1:754573001841:security-group/sg-04884f1f1e8f46281",
            "description": "Allows SSH, Prometheus, and Grafana traffic from whitelisted IPs only",
            "egress": [
              {
                "cidr_blocks": [
                  "0.0.0.0/0"
                ],
                "description": "",
                "from_port": 0,
                "ipv6_cidr_blocks": [
                  "::/0"
                ],
                "prefix_list_ids": [],
                "protocol": "-1",
                "security_groups": [],
                "self": false,
                "to_port": 0
              }
            ],
            "id": "sg-04884f1f1e8f46281",
            "ingress": [
              {
                "cidr_blocks": [
                  "0.0.0.0/0"
                ],
                "description": "",
                "from_port": 22,
                "ipv6_cidr_blocks": [],
                "prefix_list_ids": [],
                "protocol": "tcp",
                "security_groups": [],
                "self": false,
                "to_port": 22
              },
              {
                "cidr_blocks": [
                  "0.0.0.0/0"
                ],
                "description": "",
                "from_port": 3000,
                "ipv6_cidr_blocks": [],
                "prefix_list_ids": [],
                "protocol": "tcp",
                "security_groups": [],
                "self": false,
                "to_port": 3000
              },
              {
                "cidr_blocks": [
                  "0.0.0.0/0"
                ],
                "description": "",
                "from_port": 9090,
                "ipv6_cidr_blocks": [],
                "prefix_list_ids": [],
                "protocol": "tcp",
                "security_groups": [],
                "self": false,
                "to_port": 9090
              }
            ],
            "name": "jobseeker-monitoring-sg",
            "name_prefix": "",
            "owner_id": "754573001841",
            "revoke_rules_on_delete": false,
            "tags": {},
            "tags_all": {},
            "timeouts": null,
            "vpc_id": "vpc-0c3efab25217518b8"
          },
          "sensitive_attributes": [],
          "identity_schema_version": 0,
          "private": "eyJlMmJmYjczMC1lY2FhLTExZTYtOGY4OC0zNDM2M2JjN2M0YzAiOnsiY3JlYXRlIjo2MDAwMDAwMDAwMDAsImRlbGV0ZSI6OTAwMDAwMDAwMDAwfSwic2NoZW1hX3ZlcnNpb24iOiIxIn0="
        }
      ]
    },
    {
      "mode": "managed",
      "type": "random_string",
      "name": "bucket_suffix",
      "provider": "provider[\"registry.terraform.io/hashicorp/random\"]",
      "instances": [
        {
          "schema_version": 2,
          "attributes": {
            "id": "v8ecp5q8",
            "keepers": null,
            "length": 8,
            "lower": true,
            "min_lower": 0,
            "min_numeric": 0,
            "min_special": 0,
            "min_upper": 0,
            "number": true,
            "numeric": true,
            "override_special": null,
            "result": "v8ecp5q8",
            "special": false,
            "upper": false
          },
          "sensitive_attributes": [],
          "identity_schema_version": 0
        }
      ]
    }
  ],
  "check_results": null
}
